
Microsoft Visual Studio Solution File, Format Version 12.00
# Visual Studio Version 17
VisualStudioVersion = 17.0.31903.59
MinimumVisualStudioVersion = 10.0.40219.1
Project("{2150E333-8FDC-42A3-9474-1A3956D46DE8}") = "Solution Item", "Solution Item", "{02EA681E-C7D8-13C7-8484-4AC65E1B71E8}"
	ProjectSection(SolutionItems) = preProject
		.gitignore = .gitignore
		Directory.Packages.props = Directory.Packages.props
		README.md = README.md
		TestsDockerfile = TestsDockerfile
		Dockerfile = Dockerfile
		BuildDockerTest.BAT = BuildDockerTest.BAT
		.editorconfig = .editorconfig
	EndProjectSection
EndProject
Project("{2150E333-8FDC-42A3-9474-1A3956D46DE8}") = "src", "src", "{63FBEC79-8064-4C0E-B49B-2BE446AAD7AD}"
EndProject
Project("{2150E333-8FDC-42A3-9474-1A3956D46DE8}") = "test", "test", "{3CF49A73-C029-49EF-B030-B2EA9D1FCAF2}"
EndProject
Project("{FAE04EC0-301F-11D3-BF4B-00C04F79EFBC}") = "MyWorld.Integration.Tests", "MyWorld.Integration.Tests\MyWorld.Integration.Tests.csproj", "{A9E418A3-2F11-426A-8232-CB0ECBDA3440}"
EndProject
Project("{FAE04EC0-301F-11D3-BF4B-00C04F79EFBC}") = "MyWorld.API", "MyWorld.API\MyWorld.API.csproj", "{5FD94CB8-A141-3DDC-A723-662751936791}"
EndProject
Project("{FAE04EC0-301F-11D3-BF4B-00C04F79EFBC}") = "MyWorld.Application", "MyWorld.Application\MyWorld.Application.csproj", "{B58E31DE-FC0E-45EC-91DA-9487F25A7988}"
EndProject
Project("{FAE04EC0-301F-11D3-BF4B-00C04F79EFBC}") = "MyWorld.Domain", "MyWorld.Domain\MyWorld.Domain.csproj", "{5AE1844F-D32C-40C1-9FAA-AD108852156A}"
EndProject
Project("{FAE04EC0-301F-11D3-BF4B-00C04F79EFBC}") = "MyWorld.Infra", "MyWorld.Infra\MyWorld.Infra.csproj", "{58B22109-0D2E-420E-8433-5424C232DCB7}"
EndProject
Project("{2150E333-8FDC-42A3-9474-1A3956D46DE8}") = "scripts", "scripts", "{6E05B8C4-7EC3-DEBC-9FF0-4A4D2401D3E3}"
	ProjectSection(SolutionItems) = preProject
		BuildDockerRun.BAT = BuildDockerRun.BAT
		BuildDockerTest.BAT = BuildDockerTest.BAT
		add-migration.BAT = add-migration.BAT
		remove-migration.BAT = remove-migration.BAT
	EndProjectSection
EndProject
Project("{2150E333-8FDC-42A3-9474-1A3956D46DE8}") = "pipeline", "pipeline", "{DD5FA775-7B31-9A9D-2BAD-0BC6F23C03D8}"
EndProject
Project("{2150E333-8FDC-42A3-9474-1A3956D46DE8}") = "Tool", "Tool", "{A7E35658-EFCE-A469-5F12-618ADACE8577}"
EndProject
Project("{FAE04EC0-301F-11D3-BF4B-00C04F79EFBC}") = "MyWorld.AppHost", "MyWorld.AppHost\MyWorld.AppHost.csproj", "{656F35D4-2B13-4098-AD67-07A38A0C6F27}"
EndProject
Project("{FAE04EC0-301F-11D3-BF4B-00C04F79EFBC}") = "MyWorld.ServiceDefault", "MyWorld.ServiceDefault\MyWorld.ServiceDefault.csproj", "{C386558E-5B57-4507-BCA7-53AAF54418B7}"
EndProject
Project("{FAE04EC0-301F-11D3-BF4B-00C04F79EFBC}") = "MyWorld.Worker", "MyWorld.Worker\MyWorld.Worker.csproj", "{38605143-0976-440A-8213-ED20111BB648}"
EndProject
Project("{FAE04EC0-301F-11D3-BF4B-00C04F79EFBC}") = "MyWorld.Domain.UnitTests", "MyWorld.Domain.UnitTests\MyWorld.Domain.UnitTests.csproj", "{A27CA0FE-6D3D-489F-9894-1FB79E9B64A6}"
EndProject
Project("{FAE04EC0-301F-11D3-BF4B-00C04F79EFBC}") = "MyWorld.Architecture.Tests", "MyWorld.Architecture.Tests\MyWorld.Architecture.Tests.csproj", "{99CD89C6-44DA-47C5-AAB2-295F9F584C86}"
EndProject
Project("{2150E333-8FDC-42A3-9474-1A3956D46DE8}") = "UI", "UI", "{F38ABA45-82E2-5746-85B1-7429253AA9CD}"
EndProject
Project("{FAE04EC0-301F-11D3-BF4B-00C04F79EFBC}") = "MyWorld.HealthUI", "MyWorld.HealthUI\MyWorld.HealthUI.csproj", "{8F030793-3879-4282-9D79-839864DEFCFC}"
EndProject
Global
	GlobalSection(SolutionConfigurationPlatforms) = preSolution
		Debug|Any CPU = Debug|Any CPU
		Debug|x64 = Debug|x64
		Debug|x86 = Debug|x86
		Release|Any CPU = Release|Any CPU
		Release|x64 = Release|x64
		Release|x86 = Release|x86
	EndGlobalSection
	GlobalSection(ProjectConfigurationPlatforms) = postSolution
		{A9E418A3-2F11-426A-8232-CB0ECBDA3440}.Debug|Any CPU.ActiveCfg = Debug|Any CPU
		{A9E418A3-2F11-426A-8232-CB0ECBDA3440}.Debug|Any CPU.Build.0 = Debug|Any CPU
		{A9E418A3-2F11-426A-8232-CB0ECBDA3440}.Debug|x64.ActiveCfg = Debug|Any CPU
		{A9E418A3-2F11-426A-8232-CB0ECBDA3440}.Debug|x64.Build.0 = Debug|Any CPU
		{A9E418A3-2F11-426A-8232-CB0ECBDA3440}.Debug|x86.ActiveCfg = Debug|Any CPU
		{A9E418A3-2F11-426A-8232-CB0ECBDA3440}.Debug|x86.Build.0 = Debug|Any CPU
		{A9E418A3-2F11-426A-8232-CB0ECBDA3440}.Release|Any CPU.ActiveCfg = Release|Any CPU
		{A9E418A3-2F11-426A-8232-CB0ECBDA3440}.Release|Any CPU.Build.0 = Release|Any CPU
		{A9E418A3-2F11-426A-8232-CB0ECBDA3440}.Release|x64.ActiveCfg = Release|Any CPU
		{A9E418A3-2F11-426A-8232-CB0ECBDA3440}.Release|x64.Build.0 = Release|Any CPU
		{A9E418A3-2F11-426A-8232-CB0ECBDA3440}.Release|x86.ActiveCfg = Release|Any CPU
		{A9E418A3-2F11-426A-8232-CB0ECBDA3440}.Release|x86.Build.0 = Release|Any CPU
		{5FD94CB8-A141-3DDC-A723-662751936791}.Debug|Any CPU.ActiveCfg = Debug|Any CPU
		{5FD94CB8-A141-3DDC-A723-662751936791}.Debug|Any CPU.Build.0 = Debug|Any CPU
		{5FD94CB8-A141-3DDC-A723-662751936791}.Debug|x64.ActiveCfg = Debug|Any CPU
		{5FD94CB8-A141-3DDC-A723-662751936791}.Debug|x64.Build.0 = Debug|Any CPU
		{5FD94CB8-A141-3DDC-A723-662751936791}.Debug|x86.ActiveCfg = Debug|Any CPU
		{5FD94CB8-A141-3DDC-A723-662751936791}.Debug|x86.Build.0 = Debug|Any CPU
		{5FD94CB8-A141-3DDC-A723-662751936791}.Release|Any CPU.ActiveCfg = Release|Any CPU
		{5FD94CB8-A141-3DDC-A723-662751936791}.Release|Any CPU.Build.0 = Release|Any CPU
		{5FD94CB8-A141-3DDC-A723-662751936791}.Release|x64.ActiveCfg = Release|Any CPU
		{5FD94CB8-A141-3DDC-A723-662751936791}.Release|x64.Build.0 = Release|Any CPU
		{5FD94CB8-A141-3DDC-A723-662751936791}.Release|x86.ActiveCfg = Release|Any CPU
		{5FD94CB8-A141-3DDC-A723-662751936791}.Release|x86.Build.0 = Release|Any CPU
		{B58E31DE-FC0E-45EC-91DA-9487F25A7988}.Debug|Any CPU.ActiveCfg = Debug|Any CPU
		{B58E31DE-FC0E-45EC-91DA-9487F25A7988}.Debug|Any CPU.Build.0 = Debug|Any CPU
		{B58E31DE-FC0E-45EC-91DA-9487F25A7988}.Debug|x64.ActiveCfg = Debug|Any CPU
		{B58E31DE-FC0E-45EC-91DA-9487F25A7988}.Debug|x64.Build.0 = Debug|Any CPU
		{B58E31DE-FC0E-45EC-91DA-9487F25A7988}.Debug|x86.ActiveCfg = Debug|Any CPU
		{B58E31DE-FC0E-45EC-91DA-9487F25A7988}.Debug|x86.Build.0 = Debug|Any CPU
		{B58E31DE-FC0E-45EC-91DA-9487F25A7988}.Release|Any CPU.ActiveCfg = Release|Any CPU
		{B58E31DE-FC0E-45EC-91DA-9487F25A7988}.Release|Any CPU.Build.0 = Release|Any CPU
		{B58E31DE-FC0E-45EC-91DA-9487F25A7988}.Release|x64.ActiveCfg = Release|Any CPU
		{B58E31DE-FC0E-45EC-91DA-9487F25A7988}.Release|x64.Build.0 = Release|Any CPU
		{B58E31DE-FC0E-45EC-91DA-9487F25A7988}.Release|x86.ActiveCfg = Release|Any CPU
		{B58E31DE-FC0E-45EC-91DA-9487F25A7988}.Release|x86.Build.0 = Release|Any CPU
		{5AE1844F-D32C-40C1-9FAA-AD108852156A}.Debug|Any CPU.ActiveCfg = Debug|Any CPU
		{5AE1844F-D32C-40C1-9FAA-AD108852156A}.Debug|Any CPU.Build.0 = Debug|Any CPU
		{5AE1844F-D32C-40C1-9FAA-AD108852156A}.Debug|x64.ActiveCfg = Debug|Any CPU
		{5AE1844F-D32C-40C1-9FAA-AD108852156A}.Debug|x64.Build.0 = Debug|Any CPU
		{5AE1844F-D32C-40C1-9FAA-AD108852156A}.Debug|x86.ActiveCfg = Debug|Any CPU
		{5AE1844F-D32C-40C1-9FAA-AD108852156A}.Debug|x86.Build.0 = Debug|Any CPU
		{5AE1844F-D32C-40C1-9FAA-AD108852156A}.Release|Any CPU.ActiveCfg = Release|Any CPU
		{5AE1844F-D32C-40C1-9FAA-AD108852156A}.Release|Any CPU.Build.0 = Release|Any CPU
		{5AE1844F-D32C-40C1-9FAA-AD108852156A}.Release|x64.ActiveCfg = Release|Any CPU
		{5AE1844F-D32C-40C1-9FAA-AD108852156A}.Release|x64.Build.0 = Release|Any CPU
		{5AE1844F-D32C-40C1-9FAA-AD108852156A}.Release|x86.ActiveCfg = Release|Any CPU
		{5AE1844F-D32C-40C1-9FAA-AD108852156A}.Release|x86.Build.0 = Release|Any CPU
		{58B22109-0D2E-420E-8433-5424C232DCB7}.Debug|Any CPU.ActiveCfg = Debug|Any CPU
		{58B22109-0D2E-420E-8433-5424C232DCB7}.Debug|Any CPU.Build.0 = Debug|Any CPU
		{58B22109-0D2E-420E-8433-5424C232DCB7}.Debug|x64.ActiveCfg = Debug|Any CPU
		{58B22109-0D2E-420E-8433-5424C232DCB7}.Debug|x64.Build.0 = Debug|Any CPU
		{58B22109-0D2E-420E-8433-5424C232DCB7}.Debug|x86.ActiveCfg = Debug|Any CPU
		{58B22109-0D2E-420E-8433-5424C232DCB7}.Debug|x86.Build.0 = Debug|Any CPU
		{58B22109-0D2E-420E-8433-5424C232DCB7}.Release|Any CPU.ActiveCfg = Release|Any CPU
		{58B22109-0D2E-420E-8433-5424C232DCB7}.Release|Any CPU.Build.0 = Release|Any CPU
		{58B22109-0D2E-420E-8433-5424C232DCB7}.Release|x64.ActiveCfg = Release|Any CPU
		{58B22109-0D2E-420E-8433-5424C232DCB7}.Release|x64.Build.0 = Release|Any CPU
		{58B22109-0D2E-420E-8433-5424C232DCB7}.Release|x86.ActiveCfg = Release|Any CPU
		{58B22109-0D2E-420E-8433-5424C232DCB7}.Release|x86.Build.0 = Release|Any CPU
		{656F35D4-2B13-4098-AD67-07A38A0C6F27}.Debug|Any CPU.ActiveCfg = Debug|Any CPU
		{656F35D4-2B13-4098-AD67-07A38A0C6F27}.Debug|Any CPU.Build.0 = Debug|Any CPU
		{656F35D4-2B13-4098-AD67-07A38A0C6F27}.Debug|x64.ActiveCfg = Debug|Any CPU
		{656F35D4-2B13-4098-AD67-07A38A0C6F27}.Debug|x64.Build.0 = Debug|Any CPU
		{656F35D4-2B13-4098-AD67-07A38A0C6F27}.Debug|x86.ActiveCfg = Debug|Any CPU
		{656F35D4-2B13-4098-AD67-07A38A0C6F27}.Debug|x86.Build.0 = Debug|Any CPU
		{656F35D4-2B13-4098-AD67-07A38A0C6F27}.Release|Any CPU.ActiveCfg = Release|Any CPU
		{656F35D4-2B13-4098-AD67-07A38A0C6F27}.Release|Any CPU.Build.0 = Release|Any CPU
		{656F35D4-2B13-4098-AD67-07A38A0C6F27}.Release|x64.ActiveCfg = Release|Any CPU
		{656F35D4-2B13-4098-AD67-07A38A0C6F27}.Release|x64.Build.0 = Release|Any CPU
		{656F35D4-2B13-4098-AD67-07A38A0C6F27}.Release|x86.ActiveCfg = Release|Any CPU
		{656F35D4-2B13-4098-AD67-07A38A0C6F27}.Release|x86.Build.0 = Release|Any CPU
		{C386558E-5B57-4507-BCA7-53AAF54418B7}.Debug|Any CPU.ActiveCfg = Debug|Any CPU
		{C386558E-5B57-4507-BCA7-53AAF54418B7}.Debug|Any CPU.Build.0 = Debug|Any CPU
		{C386558E-5B57-4507-BCA7-53AAF54418B7}.Debug|x64.ActiveCfg = Debug|Any CPU
		{C386558E-5B57-4507-BCA7-53AAF54418B7}.Debug|x64.Build.0 = Debug|Any CPU
		{C386558E-5B57-4507-BCA7-53AAF54418B7}.Debug|x86.ActiveCfg = Debug|Any CPU
		{C386558E-5B57-4507-BCA7-53AAF54418B7}.Debug|x86.Build.0 = Debug|Any CPU
		{C386558E-5B57-4507-BCA7-53AAF54418B7}.Release|Any CPU.ActiveCfg = Release|Any CPU
		{C386558E-5B57-4507-BCA7-53AAF54418B7}.Release|Any CPU.Build.0 = Release|Any CPU
		{C386558E-5B57-4507-BCA7-53AAF54418B7}.Release|x64.ActiveCfg = Release|Any CPU
		{C386558E-5B57-4507-BCA7-53AAF54418B7}.Release|x64.Build.0 = Release|Any CPU
		{C386558E-5B57-4507-BCA7-53AAF54418B7}.Release|x86.ActiveCfg = Release|Any CPU
		{C386558E-5B57-4507-BCA7-53AAF54418B7}.Release|x86.Build.0 = Release|Any CPU
		{38605143-0976-440A-8213-ED20111BB648}.Debug|Any CPU.ActiveCfg = Debug|Any CPU
		{38605143-0976-440A-8213-ED20111BB648}.Debug|Any CPU.Build.0 = Debug|Any CPU
		{38605143-0976-440A-8213-ED20111BB648}.Debug|x64.ActiveCfg = Debug|Any CPU
		{38605143-0976-440A-8213-ED20111BB648}.Debug|x64.Build.0 = Debug|Any CPU
		{38605143-0976-440A-8213-ED20111BB648}.Debug|x86.ActiveCfg = Debug|Any CPU
		{38605143-0976-440A-8213-ED20111BB648}.Debug|x86.Build.0 = Debug|Any CPU
		{38605143-0976-440A-8213-ED20111BB648}.Release|Any CPU.ActiveCfg = Release|Any CPU
		{38605143-0976-440A-8213-ED20111BB648}.Release|Any CPU.Build.0 = Release|Any CPU
		{38605143-0976-440A-8213-ED20111BB648}.Release|x64.ActiveCfg = Release|Any CPU
		{38605143-0976-440A-8213-ED20111BB648}.Release|x64.Build.0 = Release|Any CPU
		{38605143-0976-440A-8213-ED20111BB648}.Release|x86.ActiveCfg = Release|Any CPU
		{38605143-0976-440A-8213-ED20111BB648}.Release|x86.Build.0 = Release|Any CPU
		{A27CA0FE-6D3D-489F-9894-1FB79E9B64A6}.Debug|Any CPU.ActiveCfg = Debug|Any CPU
		{A27CA0FE-6D3D-489F-9894-1FB79E9B64A6}.Debug|Any CPU.Build.0 = Debug|Any CPU
		{A27CA0FE-6D3D-489F-9894-1FB79E9B64A6}.Debug|x64.ActiveCfg = Debug|Any CPU
		{A27CA0FE-6D3D-489F-9894-1FB79E9B64A6}.Debug|x64.Build.0 = Debug|Any CPU
		{A27CA0FE-6D3D-489F-9894-1FB79E9B64A6}.Debug|x86.ActiveCfg = Debug|Any CPU
		{A27CA0FE-6D3D-489F-9894-1FB79E9B64A6}.Debug|x86.Build.0 = Debug|Any CPU
		{A27CA0FE-6D3D-489F-9894-1FB79E9B64A6}.Release|Any CPU.ActiveCfg = Release|Any CPU
		{A27CA0FE-6D3D-489F-9894-1FB79E9B64A6}.Release|Any CPU.Build.0 = Release|Any CPU
		{A27CA0FE-6D3D-489F-9894-1FB79E9B64A6}.Release|x64.ActiveCfg = Release|Any CPU
		{A27CA0FE-6D3D-489F-9894-1FB79E9B64A6}.Release|x64.Build.0 = Release|Any CPU
		{A27CA0FE-6D3D-489F-9894-1FB79E9B64A6}.Release|x86.ActiveCfg = Release|Any CPU
		{A27CA0FE-6D3D-489F-9894-1FB79E9B64A6}.Release|x86.Build.0 = Release|Any CPU
		{99CD89C6-44DA-47C5-AAB2-295F9F584C86}.Debug|Any CPU.ActiveCfg = Debug|Any CPU
		{99CD89C6-44DA-47C5-AAB2-295F9F584C86}.Debug|Any CPU.Build.0 = Debug|Any CPU
		{99CD89C6-44DA-47C5-AAB2-295F9F584C86}.Debug|x64.ActiveCfg = Debug|Any CPU
		{99CD89C6-44DA-47C5-AAB2-295F9F584C86}.Debug|x64.Build.0 = Debug|Any CPU
		{99CD89C6-44DA-47C5-AAB2-295F9F584C86}.Debug|x86.ActiveCfg = Debug|Any CPU
		{99CD89C6-44DA-47C5-AAB2-295F9F584C86}.Debug|x86.Build.0 = Debug|Any CPU
		{99CD89C6-44DA-47C5-AAB2-295F9F584C86}.Release|Any CPU.ActiveCfg = Release|Any CPU
		{99CD89C6-44DA-47C5-AAB2-295F9F584C86}.Release|Any CPU.Build.0 = Release|Any CPU
		{99CD89C6-44DA-47C5-AAB2-295F9F584C86}.Release|x64.ActiveCfg = Release|Any CPU
		{99CD89C6-44DA-47C5-AAB2-295F9F584C86}.Release|x64.Build.0 = Release|Any CPU
		{99CD89C6-44DA-47C5-AAB2-295F9F584C86}.Release|x86.ActiveCfg = Release|Any CPU
		{99CD89C6-44DA-47C5-AAB2-295F9F584C86}.Release|x86.Build.0 = Release|Any CPU
		{8F030793-3879-4282-9D79-839864DEFCFC}.Debug|Any CPU.ActiveCfg = Debug|Any CPU
		{8F030793-3879-4282-9D79-839864DEFCFC}.Debug|Any CPU.Build.0 = Debug|Any CPU
		{8F030793-3879-4282-9D79-839864DEFCFC}.Debug|x64.ActiveCfg = Debug|Any CPU
		{8F030793-3879-4282-9D79-839864DEFCFC}.Debug|x64.Build.0 = Debug|Any CPU
		{8F030793-3879-4282-9D79-839864DEFCFC}.Debug|x86.ActiveCfg = Debug|Any CPU
		{8F030793-3879-4282-9D79-839864DEFCFC}.Debug|x86.Build.0 = Debug|Any CPU
		{8F030793-3879-4282-9D79-839864DEFCFC}.Release|Any CPU.ActiveCfg = Release|Any CPU
		{8F030793-3879-4282-9D79-839864DEFCFC}.Release|Any CPU.Build.0 = Release|Any CPU
		{8F030793-3879-4282-9D79-839864DEFCFC}.Release|x64.ActiveCfg = Release|Any CPU
		{8F030793-3879-4282-9D79-839864DEFCFC}.Release|x64.Build.0 = Release|Any CPU
		{8F030793-3879-4282-9D79-839864DEFCFC}.Release|x86.ActiveCfg = Release|Any CPU
		{8F030793-3879-4282-9D79-839864DEFCFC}.Release|x86.Build.0 = Release|Any CPU
	EndGlobalSection
	GlobalSection(SolutionProperties) = preSolution
		HideSolutionNode = FALSE
	EndGlobalSection
	GlobalSection(NestedProjects) = preSolution
		{A9E418A3-2F11-426A-8232-CB0ECBDA3440} = {3CF49A73-C029-49EF-B030-B2EA9D1FCAF2}
		{5FD94CB8-A141-3DDC-A723-662751936791} = {63FBEC79-8064-4C0E-B49B-2BE446AAD7AD}
		{B58E31DE-FC0E-45EC-91DA-9487F25A7988} = {63FBEC79-8064-4C0E-B49B-2BE446AAD7AD}
		{5AE1844F-D32C-40C1-9FAA-AD108852156A} = {63FBEC79-8064-4C0E-B49B-2BE446AAD7AD}
		{58B22109-0D2E-420E-8433-5424C232DCB7} = {63FBEC79-8064-4C0E-B49B-2BE446AAD7AD}
		{6E05B8C4-7EC3-DEBC-9FF0-4A4D2401D3E3} = {02EA681E-C7D8-13C7-8484-4AC65E1B71E8}
		{DD5FA775-7B31-9A9D-2BAD-0BC6F23C03D8} = {02EA681E-C7D8-13C7-8484-4AC65E1B71E8}
		{A7E35658-EFCE-A469-5F12-618ADACE8577} = {63FBEC79-8064-4C0E-B49B-2BE446AAD7AD}
		{656F35D4-2B13-4098-AD67-07A38A0C6F27} = {A7E35658-EFCE-A469-5F12-618ADACE8577}
		{C386558E-5B57-4507-BCA7-53AAF54418B7} = {A7E35658-EFCE-A469-5F12-618ADACE8577}
		{38605143-0976-440A-8213-ED20111BB648} = {63FBEC79-8064-4C0E-B49B-2BE446AAD7AD}
		{A27CA0FE-6D3D-489F-9894-1FB79E9B64A6} = {3CF49A73-C029-49EF-B030-B2EA9D1FCAF2}
		{99CD89C6-44DA-47C5-AAB2-295F9F584C86} = {3CF49A73-C029-49EF-B030-B2EA9D1FCAF2}
		{F38ABA45-82E2-5746-85B1-7429253AA9CD} = {63FBEC79-8064-4C0E-B49B-2BE446AAD7AD}
		{8F030793-3879-4282-9D79-839864DEFCFC} = {F38ABA45-82E2-5746-85B1-7429253AA9CD}
	EndGlobalSection
	GlobalSection(ExtensibilityGlobals) = postSolution
		SolutionGuid = {A4E70E05-C3A0-49FD-A7CE-04A6AD7DB659}
	EndGlobalSection
EndGlobal
